
Microsoft Visual Studio Solution File, Format Version 9.00
# Visual Studio 2005
Project("{8BC9CEB8-8B4A-11D0-8D11-00A0C91BC942}") = "platform2java_invoker", "platform2java_invoker.vcproj", "{331B5E9F-C16F-4DE8-9FC0-9A073335D6C6}"
EndProject
Global
	GlobalSection(SolutionConfigurationPlatforms) = preSolution
		Debug|Win32 = Debug|Win32
		Release|Win32 = Release|Win32
	EndGlobalSection
	GlobalSection(ProjectConfigurationPlatforms) = postSolution
		{331B5E9F-C16F-4DE8-9FC0-9A073335D6C6}.Debug|Win32.ActiveCfg = Debug|Win32
		{331B5E9F-C16F-4DE8-9FC0-9A073335D6C6}.Debug|Win32.Build.0 = Debug|Win32
		{331B5E9F-C16F-4DE8-9FC0-9A073335D6C6}.Release|Win32.ActiveCfg = Release|Win32
		{331B5E9F-C16F-4DE8-9FC0-9A073335D6C6}.Release|Win32.Build.0 = Release|Win32
	EndGlobalSection
	GlobalSection(SolutionProperties) = preSolution
		HideSolutionNode = FALSE
	EndGlobalSection
EndGlobal
